
Microsoft Visual Studio Solution File, Format Version 10.00
# Visual Studio 2008
Project("{8BC9CEB8-8B4A-11D0-8D11-00A0C91BC942}") = "keyboardFilter.W7", "keyboardFilter\keyboardFilter.W7.vcproj", "{44257ED8-4ED1-4691-AD57-33D559B6A59F}"
EndProject
Global
	GlobalSection(SolutionConfigurationPlatforms) = preSolution
		W7 checked (PREfast)|Win32 = W7 checked (PREfast)|Win32
		W7 checked|Win32 = W7 checked|Win32
		W7 free|Win32 = W7 free|Win32
		W7I64 checked (PREfast)|Win32 = W7I64 checked (PREfast)|Win32
		W7I64 checked|Win32 = W7I64 checked|Win32
		W7I64 free|Win32 = W7I64 free|Win32
		W7LH checked (PREfast)|Win32 = W7LH checked (PREfast)|Win32
		W7LH checked|Win32 = W7LH checked|Win32
		W7LH free|Win32 = W7LH free|Win32
		W7LHI64 checked (PREfast)|Win32 = W7LHI64 checked (PREfast)|Win32
		W7LHI64 checked|Win32 = W7LHI64 checked|Win32
		W7LHI64 free|Win32 = W7LHI64 free|Win32
		W7LHX64 checked (PREfast)|Win32 = W7LHX64 checked (PREfast)|Win32
		W7LHX64 checked|Win32 = W7LHX64 checked|Win32
		W7LHX64 free|Win32 = W7LHX64 free|Win32
		W7NET checked (PREfast)|Win32 = W7NET checked (PREfast)|Win32
		W7NET checked|Win32 = W7NET checked|Win32
		W7NET free|Win32 = W7NET free|Win32
		W7NETI64 checked (PREfast)|Win32 = W7NETI64 checked (PREfast)|Win32
		W7NETI64 checked|Win32 = W7NETI64 checked|Win32
		W7NETI64 free|Win32 = W7NETI64 free|Win32
		W7NETX64 checked (PREfast)|Win32 = W7NETX64 checked (PREfast)|Win32
		W7NETX64 checked|Win32 = W7NETX64 checked|Win32
		W7NETX64 free|Win32 = W7NETX64 free|Win32
		W7X64 checked (PREfast)|Win32 = W7X64 checked (PREfast)|Win32
		W7X64 checked|Win32 = W7X64 checked|Win32
		W7X64 free|Win32 = W7X64 free|Win32
		W7XP checked (PREfast)|Win32 = W7XP checked (PREfast)|Win32
		W7XP checked|Win32 = W7XP checked|Win32
		W7XP free|Win32 = W7XP free|Win32
	EndGlobalSection
	GlobalSection(ProjectConfigurationPlatforms) = postSolution
		{44257ED8-4ED1-4691-AD57-33D559B6A59F}.W7 checked (PREfast)|Win32.ActiveCfg = W7 checked (PREfast)|Win32
		{44257ED8-4ED1-4691-AD57-33D559B6A59F}.W7 checked (PREfast)|Win32.Build.0 = W7 checked (PREfast)|Win32
		{44257ED8-4ED1-4691-AD57-33D559B6A59F}.W7 checked (PREfast)|Win32.Deploy.0 = W7 checked (PREfast)|Win32
		{44257ED8-4ED1-4691-AD57-33D559B6A59F}.W7 checked|Win32.ActiveCfg = W7 checked|Win32
		{44257ED8-4ED1-4691-AD57-33D559B6A59F}.W7 checked|Win32.Build.0 = W7 checked|Win32
		{44257ED8-4ED1-4691-AD57-33D559B6A59F}.W7 checked|Win32.Deploy.0 = W7 checked|Win32
		{44257ED8-4ED1-4691-AD57-33D559B6A59F}.W7 free|Win32.ActiveCfg = W7 free|Win32
		{44257ED8-4ED1-4691-AD57-33D559B6A59F}.W7 free|Win32.Build.0 = W7 free|Win32
		{44257ED8-4ED1-4691-AD57-33D559B6A59F}.W7 free|Win32.Deploy.0 = W7 free|Win32
		{44257ED8-4ED1-4691-AD57-33D559B6A59F}.W7I64 checked (PREfast)|Win32.ActiveCfg = W7I64 checked (PREfast)|Win32
		{44257ED8-4ED1-4691-AD57-33D559B6A59F}.W7I64 checked (PREfast)|Win32.Build.0 = W7I64 checked (PREfast)|Win32
		{44257ED8-4ED1-4691-AD57-33D559B6A59F}.W7I64 checked (PREfast)|Win32.Deploy.0 = W7I64 checked (PREfast)|Win32
		{44257ED8-4ED1-4691-AD57-33D559B6A59F}.W7I64 checked|Win32.ActiveCfg = W7I64 checked|Win32
		{44257ED8-4ED1-4691-AD57-33D559B6A59F}.W7I64 checked|Win32.Build.0 = W7I64 checked|Win32
		{44257ED8-4ED1-4691-AD57-33D559B6A59F}.W7I64 checked|Win32.Deploy.0 = W7I64 checked|Win32
		{44257ED8-4ED1-4691-AD57-33D559B6A59F}.W7I64 free|Win32.ActiveCfg = W7I64 free|Win32
		{44257ED8-4ED1-4691-AD57-33D559B6A59F}.W7I64 free|Win32.Build.0 = W7I64 free|Win32
		{44257ED8-4ED1-4691-AD57-33D559B6A59F}.W7I64 free|Win32.Deploy.0 = W7I64 free|Win32
		{44257ED8-4ED1-4691-AD57-33D559B6A59F}.W7LH checked (PREfast)|Win32.ActiveCfg = W7LH checked (PREfast)|Win32
		{44257ED8-4ED1-4691-AD57-33D559B6A59F}.W7LH checked (PREfast)|Win32.Build.0 = W7LH checked (PREfast)|Win32
		{44257ED8-4ED1-4691-AD57-33D559B6A59F}.W7LH checked (PREfast)|Win32.Deploy.0 = W7LH checked (PREfast)|Win32
		{44257ED8-4ED1-4691-AD57-33D559B6A59F}.W7LH checked|Win32.ActiveCfg = W7LH checked|Win32
		{44257ED8-4ED1-4691-AD57-33D559B6A59F}.W7LH checked|Win32.Build.0 = W7LH checked|Win32
		{44257ED8-4ED1-4691-AD57-33D559B6A59F}.W7LH checked|Win32.Deploy.0 = W7LH checked|Win32
		{44257ED8-4ED1-4691-AD57-33D559B6A59F}.W7LH free|Win32.ActiveCfg = W7LH free|Win32
		{44257ED8-4ED1-4691-AD57-33D559B6A59F}.W7LH free|Win32.Build.0 = W7LH free|Win32
		{44257ED8-4ED1-4691-AD57-33D559B6A59F}.W7LH free|Win32.Deploy.0 = W7LH free|Win32
		{44257ED8-4ED1-4691-AD57-33D559B6A59F}.W7LHI64 checked (PREfast)|Win32.ActiveCfg = W7LHI64 checked (PREfast)|Win32
		{44257ED8-4ED1-4691-AD57-33D559B6A59F}.W7LHI64 checked (PREfast)|Win32.Build.0 = W7LHI64 checked (PREfast)|Win32
		{44257ED8-4ED1-4691-AD57-33D559B6A59F}.W7LHI64 checked (PREfast)|Win32.Deploy.0 = W7LHI64 checked (PREfast)|Win32
		{44257ED8-4ED1-4691-AD57-33D559B6A59F}.W7LHI64 checked|Win32.ActiveCfg = W7LHI64 checked|Win32
		{44257ED8-4ED1-4691-AD57-33D559B6A59F}.W7LHI64 checked|Win32.Build.0 = W7LHI64 checked|Win32
		{44257ED8-4ED1-4691-AD57-33D559B6A59F}.W7LHI64 checked|Win32.Deploy.0 = W7LHI64 checked|Win32
		{44257ED8-4ED1-4691-AD57-33D559B6A59F}.W7LHI64 free|Win32.ActiveCfg = W7LHI64 free|Win32
		{44257ED8-4ED1-4691-AD57-33D559B6A59F}.W7LHI64 free|Win32.Build.0 = W7LHI64 free|Win32
		{44257ED8-4ED1-4691-AD57-33D559B6A59F}.W7LHI64 free|Win32.Deploy.0 = W7LHI64 free|Win32
		{44257ED8-4ED1-4691-AD57-33D559B6A59F}.W7LHX64 checked (PREfast)|Win32.ActiveCfg = W7LHX64 checked (PREfast)|Win32
		{44257ED8-4ED1-4691-AD57-33D559B6A59F}.W7LHX64 checked (PREfast)|Win32.Build.0 = W7LHX64 checked (PREfast)|Win32
		{44257ED8-4ED1-4691-AD57-33D559B6A59F}.W7LHX64 checked (PREfast)|Win32.Deploy.0 = W7LHX64 checked (PREfast)|Win32
		{44257ED8-4ED1-4691-AD57-33D559B6A59F}.W7LHX64 checked|Win32.ActiveCfg = W7LHX64 checked|Win32
		{44257ED8-4ED1-4691-AD57-33D559B6A59F}.W7LHX64 checked|Win32.Build.0 = W7LHX64 checked|Win32
		{44257ED8-4ED1-4691-AD57-33D559B6A59F}.W7LHX64 checked|Win32.Deploy.0 = W7LHX64 checked|Win32
		{44257ED8-4ED1-4691-AD57-33D559B6A59F}.W7LHX64 free|Win32.ActiveCfg = W7LHX64 free|Win32
		{44257ED8-4ED1-4691-AD57-33D559B6A59F}.W7LHX64 free|Win32.Build.0 = W7LHX64 free|Win32
		{44257ED8-4ED1-4691-AD57-33D559B6A59F}.W7LHX64 free|Win32.Deploy.0 = W7LHX64 free|Win32
		{44257ED8-4ED1-4691-AD57-33D559B6A59F}.W7NET checked (PREfast)|Win32.ActiveCfg = W7NET checked (PREfast)|Win32
		{44257ED8-4ED1-4691-AD57-33D559B6A59F}.W7NET checked (PREfast)|Win32.Build.0 = W7NET checked (PREfast)|Win32
		{44257ED8-4ED1-4691-AD57-33D559B6A59F}.W7NET checked (PREfast)|Win32.Deploy.0 = W7NET checked (PREfast)|Win32
		{44257ED8-4ED1-4691-AD57-33D559B6A59F}.W7NET checked|Win32.ActiveCfg = W7NET checked|Win32
		{44257ED8-4ED1-4691-AD57-33D559B6A59F}.W7NET checked|Win32.Build.0 = W7NET checked|Win32
		{44257ED8-4ED1-4691-AD57-33D559B6A59F}.W7NET checked|Win32.Deploy.0 = W7NET checked|Win32
		{44257ED8-4ED1-4691-AD57-33D559B6A59F}.W7NET free|Win32.ActiveCfg = W7NET free|Win32
		{44257ED8-4ED1-4691-AD57-33D559B6A59F}.W7NET free|Win32.Build.0 = W7NET free|Win32
		{44257ED8-4ED1-4691-AD57-33D559B6A59F}.W7NET free|Win32.Deploy.0 = W7NET free|Win32
		{44257ED8-4ED1-4691-AD57-33D559B6A59F}.W7NETI64 checked (PREfast)|Win32.ActiveCfg = W7NETI64 checked (PREfast)|Win32
		{44257ED8-4ED1-4691-AD57-33D559B6A59F}.W7NETI64 checked (PREfast)|Win32.Build.0 = W7NETI64 checked (PREfast)|Win32
		{44257ED8-4ED1-4691-AD57-33D559B6A59F}.W7NETI64 checked (PREfast)|Win32.Deploy.0 = W7NETI64 checked (PREfast)|Win32
		{44257ED8-4ED1-4691-AD57-33D559B6A59F}.W7NETI64 checked|Win32.ActiveCfg = W7NETI64 checked|Win32
		{44257ED8-4ED1-4691-AD57-33D559B6A59F}.W7NETI64 checked|Win32.Build.0 = W7NETI64 checked|Win32
		{44257ED8-4ED1-4691-AD57-33D559B6A59F}.W7NETI64 checked|Win32.Deploy.0 = W7NETI64 checked|Win32
		{44257ED8-4ED1-4691-AD57-33D559B6A59F}.W7NETI64 free|Win32.ActiveCfg = W7NETI64 free|Win32
		{44257ED8-4ED1-4691-AD57-33D559B6A59F}.W7NETI64 free|Win32.Build.0 = W7NETI64 free|Win32
		{44257ED8-4ED1-4691-AD57-33D559B6A59F}.W7NETI64 free|Win32.Deploy.0 = W7NETI64 free|Win32
		{44257ED8-4ED1-4691-AD57-33D559B6A59F}.W7NETX64 checked (PREfast)|Win32.ActiveCfg = W7NETX64 checked (PREfast)|Win32
		{44257ED8-4ED1-4691-AD57-33D559B6A59F}.W7NETX64 checked (PREfast)|Win32.Build.0 = W7NETX64 checked (PREfast)|Win32
		{44257ED8-4ED1-4691-AD57-33D559B6A59F}.W7NETX64 checked (PREfast)|Win32.Deploy.0 = W7NETX64 checked (PREfast)|Win32
		{44257ED8-4ED1-4691-AD57-33D559B6A59F}.W7NETX64 checked|Win32.ActiveCfg = W7NETX64 checked|Win32
		{44257ED8-4ED1-4691-AD57-33D559B6A59F}.W7NETX64 checked|Win32.Build.0 = W7NETX64 checked|Win32
		{44257ED8-4ED1-4691-AD57-33D559B6A59F}.W7NETX64 checked|Win32.Deploy.0 = W7NETX64 checked|Win32
		{44257ED8-4ED1-4691-AD57-33D559B6A59F}.W7NETX64 free|Win32.ActiveCfg = W7NETX64 free|Win32
		{44257ED8-4ED1-4691-AD57-33D559B6A59F}.W7NETX64 free|Win32.Build.0 = W7NETX64 free|Win32
		{44257ED8-4ED1-4691-AD57-33D559B6A59F}.W7NETX64 free|Win32.Deploy.0 = W7NETX64 free|Win32
		{44257ED8-4ED1-4691-AD57-33D559B6A59F}.W7X64 checked (PREfast)|Win32.ActiveCfg = W7X64 checked (PREfast)|Win32
		{44257ED8-4ED1-4691-AD57-33D559B6A59F}.W7X64 checked (PREfast)|Win32.Build.0 = W7X64 checked (PREfast)|Win32
		{44257ED8-4ED1-4691-AD57-33D559B6A59F}.W7X64 checked (PREfast)|Win32.Deploy.0 = W7X64 checked (PREfast)|Win32
		{44257ED8-4ED1-4691-AD57-33D559B6A59F}.W7X64 checked|Win32.ActiveCfg = W7X64 checked|Win32
		{44257ED8-4ED1-4691-AD57-33D559B6A59F}.W7X64 checked|Win32.Build.0 = W7X64 checked|Win32
		{44257ED8-4ED1-4691-AD57-33D559B6A59F}.W7X64 checked|Win32.Deploy.0 = W7X64 checked|Win32
		{44257ED8-4ED1-4691-AD57-33D559B6A59F}.W7X64 free|Win32.ActiveCfg = W7X64 free|Win32
		{44257ED8-4ED1-4691-AD57-33D559B6A59F}.W7X64 free|Win32.Build.0 = W7X64 free|Win32
		{44257ED8-4ED1-4691-AD57-33D559B6A59F}.W7X64 free|Win32.Deploy.0 = W7X64 free|Win32
		{44257ED8-4ED1-4691-AD57-33D559B6A59F}.W7XP checked (PREfast)|Win32.ActiveCfg = W7XP checked (PREfast)|Win32
		{44257ED8-4ED1-4691-AD57-33D559B6A59F}.W7XP checked (PREfast)|Win32.Build.0 = W7XP checked (PREfast)|Win32
		{44257ED8-4ED1-4691-AD57-33D559B6A59F}.W7XP checked (PREfast)|Win32.Deploy.0 = W7XP checked (PREfast)|Win32
		{44257ED8-4ED1-4691-AD57-33D559B6A59F}.W7XP checked|Win32.ActiveCfg = W7XP checked|Win32
		{44257ED8-4ED1-4691-AD57-33D559B6A59F}.W7XP checked|Win32.Build.0 = W7XP checked|Win32
		{44257ED8-4ED1-4691-AD57-33D559B6A59F}.W7XP checked|Win32.Deploy.0 = W7XP checked|Win32
		{44257ED8-4ED1-4691-AD57-33D559B6A59F}.W7XP free|Win32.ActiveCfg = W7XP free|Win32
		{44257ED8-4ED1-4691-AD57-33D559B6A59F}.W7XP free|Win32.Build.0 = W7XP free|Win32
		{44257ED8-4ED1-4691-AD57-33D559B6A59F}.W7XP free|Win32.Deploy.0 = W7XP free|Win32
	EndGlobalSection
	GlobalSection(SolutionProperties) = preSolution
		HideSolutionNode = FALSE
	EndGlobalSection
EndGlobal
